
Microsoft Visual Studio Solution File, Format Version 12.00
# Visual Studio Version 17
VisualStudioVersion = 17.5.33414.496
MinimumVisualStudioVersion = 10.0.40219.1
Project("{9A19103F-16F7-4668-BE54-9A1E7A4F7556}") = "moviesAPI", "moviesAPI\moviesAPI.csproj", "{040444AE-5A82-49A7-9823-89E0C8453996}"
EndProject
Project("{E53339B2-1760-4266-BCC7-CA923CBCF16C}") = "docker-compose", "docker-compose.dcproj", "{3C005FB6-A252-4473-9308-A0421B3FB98E}"
EndProject
Global
	GlobalSection(SolutionConfigurationPlatforms) = preSolution
		Debug|Any CPU = Debug|Any CPU
		Release|Any CPU = Release|Any CPU
	EndGlobalSection
	GlobalSection(ProjectConfigurationPlatforms) = postSolution
		{040444AE-5A82-49A7-9823-89E0C8453996}.Debug|Any CPU.ActiveCfg = Debug|Any CPU
		{040444AE-5A82-49A7-9823-89E0C8453996}.Debug|Any CPU.Build.0 = Debug|Any CPU
		{040444AE-5A82-49A7-9823-89E0C8453996}.Release|Any CPU.ActiveCfg = Release|Any CPU
		{040444AE-5A82-49A7-9823-89E0C8453996}.Release|Any CPU.Build.0 = Release|Any CPU
		{3C005FB6-A252-4473-9308-A0421B3FB98E}.Debug|Any CPU.ActiveCfg = Debug|Any CPU
		{3C005FB6-A252-4473-9308-A0421B3FB98E}.Debug|Any CPU.Build.0 = Debug|Any CPU
		{3C005FB6-A252-4473-9308-A0421B3FB98E}.Release|Any CPU.ActiveCfg = Release|Any CPU
		{3C005FB6-A252-4473-9308-A0421B3FB98E}.Release|Any CPU.Build.0 = Release|Any CPU
	EndGlobalSection
	GlobalSection(SolutionProperties) = preSolution
		HideSolutionNode = FALSE
	EndGlobalSection
	GlobalSection(ExtensibilityGlobals) = postSolution
		SolutionGuid = {8D0BCF2F-A2BD-41D2-A043-199C0B666D8C}
	EndGlobalSection
EndGlobal
